
Microsoft Visual Studio Solution File, Format Version 12.00
# Visual Studio Version 17
VisualStudioVersion = 17.13.35828.75
MinimumVisualStudioVersion = 10.0.40219.1
Project("{FAE04EC0-301F-11D3-BF4B-00C04F79EFBC}") = "VittorioLongo.Diario.WebApi", "VittorioLongo.Diario.WebApi\VittorioLongo.Diario.WebApi.csproj", "{A7A55A2E-9418-42D0-98BD-21E0182DFFA5}"
EndProject
Project("{FAE04EC0-301F-11D3-BF4B-00C04F79EFBC}") = "Diario.BusinessLayer", "VittorioLongo.Diario.BusinessLayer\Diario.BusinessLayer.csproj", "{C4BC67F6-4DDD-435D-950F-439A0345359A}"
EndProject
Project("{FAE04EC0-301F-11D3-BF4B-00C04F79EFBC}") = "VittorioLongo.Diario.Entity", "VittorioLongo.Diario.Entity\VittorioLongo.Diario.Entity.csproj", "{CD3E02C3-5ABE-4138-BD79-1A9AF16E138A}"
EndProject
Project("{FAE04EC0-301F-11D3-BF4B-00C04F79EFBC}") = "VittorioLongo.Diario.DataLayer", "VittorioLongo.Diario.DataLayer\VittorioLongo.Diario.DataLayer.csproj", "{97F809CA-5E67-4F33-947E-35DE6797C9A8}"
EndProject
Project("{FAE04EC0-301F-11D3-BF4B-00C04F79EFBC}") = "VittorioLongo.Diario.CRUDService", "VittorioLongo.Diario.CRUDService\VittorioLongo.Diario.CRUDService.csproj", "{A0AC5C05-5596-4681-B5E5-059B80E5AB08}"
EndProject
Project("{FAE04EC0-301F-11D3-BF4B-00C04F79EFBC}") = "VittorioLongo.Diario.PasswordService", "VittorioLongo.Diario.PasswordService\VittorioLongo.Diario.PasswordService.csproj", "{69E16A4A-818F-4DD1-8CC4-C709FDC61297}"
EndProject
Global
	GlobalSection(SolutionConfigurationPlatforms) = preSolution
		Debug|Any CPU = Debug|Any CPU
		Release|Any CPU = Release|Any CPU
	EndGlobalSection
	GlobalSection(ProjectConfigurationPlatforms) = postSolution
		{A7A55A2E-9418-42D0-98BD-21E0182DFFA5}.Debug|Any CPU.ActiveCfg = Debug|Any CPU
		{A7A55A2E-9418-42D0-98BD-21E0182DFFA5}.Debug|Any CPU.Build.0 = Debug|Any CPU
		{A7A55A2E-9418-42D0-98BD-21E0182DFFA5}.Release|Any CPU.ActiveCfg = Release|Any CPU
		{A7A55A2E-9418-42D0-98BD-21E0182DFFA5}.Release|Any CPU.Build.0 = Release|Any CPU
		{C4BC67F6-4DDD-435D-950F-439A0345359A}.Debug|Any CPU.ActiveCfg = Debug|Any CPU
		{C4BC67F6-4DDD-435D-950F-439A0345359A}.Debug|Any CPU.Build.0 = Debug|Any CPU
		{C4BC67F6-4DDD-435D-950F-439A0345359A}.Release|Any CPU.ActiveCfg = Release|Any CPU
		{C4BC67F6-4DDD-435D-950F-439A0345359A}.Release|Any CPU.Build.0 = Release|Any CPU
		{CD3E02C3-5ABE-4138-BD79-1A9AF16E138A}.Debug|Any CPU.ActiveCfg = Debug|Any CPU
		{CD3E02C3-5ABE-4138-BD79-1A9AF16E138A}.Debug|Any CPU.Build.0 = Debug|Any CPU
		{CD3E02C3-5ABE-4138-BD79-1A9AF16E138A}.Release|Any CPU.ActiveCfg = Release|Any CPU
		{CD3E02C3-5ABE-4138-BD79-1A9AF16E138A}.Release|Any CPU.Build.0 = Release|Any CPU
		{97F809CA-5E67-4F33-947E-35DE6797C9A8}.Debug|Any CPU.ActiveCfg = Debug|Any CPU
		{97F809CA-5E67-4F33-947E-35DE6797C9A8}.Debug|Any CPU.Build.0 = Debug|Any CPU
		{97F809CA-5E67-4F33-947E-35DE6797C9A8}.Release|Any CPU.ActiveCfg = Release|Any CPU
		{97F809CA-5E67-4F33-947E-35DE6797C9A8}.Release|Any CPU.Build.0 = Release|Any CPU
		{A0AC5C05-5596-4681-B5E5-059B80E5AB08}.Debug|Any CPU.ActiveCfg = Debug|Any CPU
		{A0AC5C05-5596-4681-B5E5-059B80E5AB08}.Debug|Any CPU.Build.0 = Debug|Any CPU
		{A0AC5C05-5596-4681-B5E5-059B80E5AB08}.Release|Any CPU.ActiveCfg = Release|Any CPU
		{A0AC5C05-5596-4681-B5E5-059B80E5AB08}.Release|Any CPU.Build.0 = Release|Any CPU
		{69E16A4A-818F-4DD1-8CC4-C709FDC61297}.Debug|Any CPU.ActiveCfg = Debug|Any CPU
		{69E16A4A-818F-4DD1-8CC4-C709FDC61297}.Debug|Any CPU.Build.0 = Debug|Any CPU
		{69E16A4A-818F-4DD1-8CC4-C709FDC61297}.Release|Any CPU.ActiveCfg = Release|Any CPU
		{69E16A4A-818F-4DD1-8CC4-C709FDC61297}.Release|Any CPU.Build.0 = Release|Any CPU
	EndGlobalSection
	GlobalSection(SolutionProperties) = preSolution
		HideSolutionNode = FALSE
	EndGlobalSection
	GlobalSection(ExtensibilityGlobals) = postSolution
		SolutionGuid = {D62831D2-6B6D-4EEA-8414-7CCB32C84394}
	EndGlobalSection
EndGlobal
